
Microsoft Visual Studio Solution File, Format Version 12.00
# Visual Studio 15
VisualStudioVersion = 15.0.26228.4
MinimumVisualStudioVersion = 10.0.40219.1
Project("{FAE04EC0-301F-11D3-BF4B-00C04F79EFBC}") = "UtilityDelta.Client.UI", "UtilityDelta.Client.UI\UtilityDelta.Client.UI.csproj", "{26B047AD-D0F2-417D-8B7A-AA1039BE34C6}"
EndProject
Project("{FAE04EC0-301F-11D3-BF4B-00C04F79EFBC}") = "UtilityDelta.Client.ServiceLocator", "UtilityDelta.Client.ServiceLocator\UtilityDelta.Client.ServiceLocator.csproj", "{0C77439C-DB14-4F7A-88DB-029DBFCFC4EF}"
EndProject
Project("{FAE04EC0-301F-11D3-BF4B-00C04F79EFBC}") = "UtilityDelta.Shared.Interface", "UtilityDelta.Shared.Interface\UtilityDelta.Shared.Interface.csproj", "{B502F4B2-2866-4B08-9D9D-9F25E93A96F1}"
EndProject
Project("{FAE04EC0-301F-11D3-BF4B-00C04F79EFBC}") = "UtilityDelta.Shared.Dto", "UtilityDelta.Shared.Dto\UtilityDelta.Shared.Dto.csproj", "{E4253336-E30E-493D-96F9-100A69645E4E}"
EndProject
Project("{FAE04EC0-301F-11D3-BF4B-00C04F79EFBC}") = "UtilityDelta.Shared.Common", "UtilityDelta.Shared.Common\UtilityDelta.Shared.Common.csproj", "{823BA2C1-1A3A-4D95-A4F4-368082277548}"
EndProject
Project("{FAE04EC0-301F-11D3-BF4B-00C04F79EFBC}") = "UtilityDelta.Client.Test", "UtilityDelta.Client.Test\UtilityDelta.Client.Test.csproj", "{D079D4D6-781D-4351-ACF4-46FC0F99DFDE}"
EndProject
Global
	GlobalSection(SolutionConfigurationPlatforms) = preSolution
		Debug|Any CPU = Debug|Any CPU
		Release|Any CPU = Release|Any CPU
	EndGlobalSection
	GlobalSection(ProjectConfigurationPlatforms) = postSolution
		{26B047AD-D0F2-417D-8B7A-AA1039BE34C6}.Debug|Any CPU.ActiveCfg = Debug|Any CPU
		{26B047AD-D0F2-417D-8B7A-AA1039BE34C6}.Debug|Any CPU.Build.0 = Debug|Any CPU
		{26B047AD-D0F2-417D-8B7A-AA1039BE34C6}.Release|Any CPU.ActiveCfg = Release|Any CPU
		{26B047AD-D0F2-417D-8B7A-AA1039BE34C6}.Release|Any CPU.Build.0 = Release|Any CPU
		{0C77439C-DB14-4F7A-88DB-029DBFCFC4EF}.Debug|Any CPU.ActiveCfg = Debug|Any CPU
		{0C77439C-DB14-4F7A-88DB-029DBFCFC4EF}.Debug|Any CPU.Build.0 = Debug|Any CPU
		{0C77439C-DB14-4F7A-88DB-029DBFCFC4EF}.Release|Any CPU.ActiveCfg = Release|Any CPU
		{0C77439C-DB14-4F7A-88DB-029DBFCFC4EF}.Release|Any CPU.Build.0 = Release|Any CPU
		{B502F4B2-2866-4B08-9D9D-9F25E93A96F1}.Debug|Any CPU.ActiveCfg = Debug|Any CPU
		{B502F4B2-2866-4B08-9D9D-9F25E93A96F1}.Debug|Any CPU.Build.0 = Debug|Any CPU
		{B502F4B2-2866-4B08-9D9D-9F25E93A96F1}.Release|Any CPU.ActiveCfg = Release|Any CPU
		{B502F4B2-2866-4B08-9D9D-9F25E93A96F1}.Release|Any CPU.Build.0 = Release|Any CPU
		{E4253336-E30E-493D-96F9-100A69645E4E}.Debug|Any CPU.ActiveCfg = Debug|Any CPU
		{E4253336-E30E-493D-96F9-100A69645E4E}.Debug|Any CPU.Build.0 = Debug|Any CPU
		{E4253336-E30E-493D-96F9-100A69645E4E}.Release|Any CPU.ActiveCfg = Release|Any CPU
		{E4253336-E30E-493D-96F9-100A69645E4E}.Release|Any CPU.Build.0 = Release|Any CPU
		{823BA2C1-1A3A-4D95-A4F4-368082277548}.Debug|Any CPU.ActiveCfg = Debug|Any CPU
		{823BA2C1-1A3A-4D95-A4F4-368082277548}.Debug|Any CPU.Build.0 = Debug|Any CPU
		{823BA2C1-1A3A-4D95-A4F4-368082277548}.Release|Any CPU.ActiveCfg = Release|Any CPU
		{823BA2C1-1A3A-4D95-A4F4-368082277548}.Release|Any CPU.Build.0 = Release|Any CPU
		{D079D4D6-781D-4351-ACF4-46FC0F99DFDE}.Debug|Any CPU.ActiveCfg = Debug|Any CPU
		{D079D4D6-781D-4351-ACF4-46FC0F99DFDE}.Debug|Any CPU.Build.0 = Debug|Any CPU
		{D079D4D6-781D-4351-ACF4-46FC0F99DFDE}.Release|Any CPU.ActiveCfg = Release|Any CPU
		{D079D4D6-781D-4351-ACF4-46FC0F99DFDE}.Release|Any CPU.Build.0 = Release|Any CPU
	EndGlobalSection
	GlobalSection(SolutionProperties) = preSolution
		HideSolutionNode = FALSE
	EndGlobalSection
EndGlobal
