
Microsoft Visual Studio Solution File, Format Version 12.00
# Visual Studio 15
VisualStudioVersion = 15.0.26228.4
MinimumVisualStudioVersion = 10.0.40219.1
Project("{FAE04EC0-301F-11D3-BF4B-00C04F79EFBC}") = "UtilityDelta.Server.Endpoint", "UtilityDelta.Server.Endpoint\UtilityDelta.Server.Endpoint.csproj", "{5D87CC29-9195-4491-B0F9-417C0710BF7F}"
EndProject
Project("{FAE04EC0-301F-11D3-BF4B-00C04F79EFBC}") = "UtilityDelta.Server.Dependencies", "UtilityDelta.Server.Dependencies\UtilityDelta.Server.Dependencies.csproj", "{D8E823B0-87EA-422C-B2CE-B5D033BAD50A}"
EndProject
Project("{FAE04EC0-301F-11D3-BF4B-00C04F79EFBC}") = "UtilityDelta.Server.Domain", "UtilityDelta.Server.Domain\UtilityDelta.Server.Domain.csproj", "{C0198967-4A1B-4340-AAF7-45880238DE4C}"
EndProject
Project("{FAE04EC0-301F-11D3-BF4B-00C04F79EFBC}") = "UtilityDelta.Shared.Interface", "UtilityDelta.Shared.Interface\UtilityDelta.Shared.Interface.csproj", "{B502F4B2-2866-4B08-9D9D-9F25E93A96F1}"
EndProject
Project("{FAE04EC0-301F-11D3-BF4B-00C04F79EFBC}") = "UtilityDelta.Shared.Dto", "UtilityDelta.Shared.Dto\UtilityDelta.Shared.Dto.csproj", "{E4253336-E30E-493D-96F9-100A69645E4E}"
EndProject
Project("{FAE04EC0-301F-11D3-BF4B-00C04F79EFBC}") = "UtilityDelta.Shared.Common", "UtilityDelta.Shared.Common\UtilityDelta.Shared.Common.csproj", "{823BA2C1-1A3A-4D95-A4F4-368082277548}"
EndProject
Project("{FAE04EC0-301F-11D3-BF4B-00C04F79EFBC}") = "UtilityDelta.Server.Test", "UtilityDelta.Server.Test\UtilityDelta.Server.Test.csproj", "{CBE3CA38-CFEF-40E4-93FB-61D12EE186E1}"
EndProject
Global
	GlobalSection(SolutionConfigurationPlatforms) = preSolution
		Debug|Any CPU = Debug|Any CPU
		Release|Any CPU = Release|Any CPU
	EndGlobalSection
	GlobalSection(ProjectConfigurationPlatforms) = postSolution
		{5D87CC29-9195-4491-B0F9-417C0710BF7F}.Debug|Any CPU.ActiveCfg = Debug|Any CPU
		{5D87CC29-9195-4491-B0F9-417C0710BF7F}.Debug|Any CPU.Build.0 = Debug|Any CPU
		{5D87CC29-9195-4491-B0F9-417C0710BF7F}.Release|Any CPU.ActiveCfg = Release|Any CPU
		{5D87CC29-9195-4491-B0F9-417C0710BF7F}.Release|Any CPU.Build.0 = Release|Any CPU
		{D8E823B0-87EA-422C-B2CE-B5D033BAD50A}.Debug|Any CPU.ActiveCfg = Debug|Any CPU
		{D8E823B0-87EA-422C-B2CE-B5D033BAD50A}.Debug|Any CPU.Build.0 = Debug|Any CPU
		{D8E823B0-87EA-422C-B2CE-B5D033BAD50A}.Release|Any CPU.ActiveCfg = Release|Any CPU
		{D8E823B0-87EA-422C-B2CE-B5D033BAD50A}.Release|Any CPU.Build.0 = Release|Any CPU
		{C0198967-4A1B-4340-AAF7-45880238DE4C}.Debug|Any CPU.ActiveCfg = Debug|Any CPU
		{C0198967-4A1B-4340-AAF7-45880238DE4C}.Debug|Any CPU.Build.0 = Debug|Any CPU
		{C0198967-4A1B-4340-AAF7-45880238DE4C}.Release|Any CPU.ActiveCfg = Release|Any CPU
		{C0198967-4A1B-4340-AAF7-45880238DE4C}.Release|Any CPU.Build.0 = Release|Any CPU
		{B502F4B2-2866-4B08-9D9D-9F25E93A96F1}.Debug|Any CPU.ActiveCfg = Debug|Any CPU
		{B502F4B2-2866-4B08-9D9D-9F25E93A96F1}.Debug|Any CPU.Build.0 = Debug|Any CPU
		{B502F4B2-2866-4B08-9D9D-9F25E93A96F1}.Release|Any CPU.ActiveCfg = Release|Any CPU
		{B502F4B2-2866-4B08-9D9D-9F25E93A96F1}.Release|Any CPU.Build.0 = Release|Any CPU
		{E4253336-E30E-493D-96F9-100A69645E4E}.Debug|Any CPU.ActiveCfg = Debug|Any CPU
		{E4253336-E30E-493D-96F9-100A69645E4E}.Debug|Any CPU.Build.0 = Debug|Any CPU
		{E4253336-E30E-493D-96F9-100A69645E4E}.Release|Any CPU.ActiveCfg = Release|Any CPU
		{E4253336-E30E-493D-96F9-100A69645E4E}.Release|Any CPU.Build.0 = Release|Any CPU
		{823BA2C1-1A3A-4D95-A4F4-368082277548}.Debug|Any CPU.ActiveCfg = Debug|Any CPU
		{823BA2C1-1A3A-4D95-A4F4-368082277548}.Debug|Any CPU.Build.0 = Debug|Any CPU
		{823BA2C1-1A3A-4D95-A4F4-368082277548}.Release|Any CPU.ActiveCfg = Release|Any CPU
		{823BA2C1-1A3A-4D95-A4F4-368082277548}.Release|Any CPU.Build.0 = Release|Any CPU
		{CBE3CA38-CFEF-40E4-93FB-61D12EE186E1}.Debug|Any CPU.ActiveCfg = Debug|Any CPU
		{CBE3CA38-CFEF-40E4-93FB-61D12EE186E1}.Debug|Any CPU.Build.0 = Debug|Any CPU
		{CBE3CA38-CFEF-40E4-93FB-61D12EE186E1}.Release|Any CPU.ActiveCfg = Release|Any CPU
		{CBE3CA38-CFEF-40E4-93FB-61D12EE186E1}.Release|Any CPU.Build.0 = Release|Any CPU
	EndGlobalSection
	GlobalSection(SolutionProperties) = preSolution
		HideSolutionNode = FALSE
	EndGlobalSection
EndGlobal
